
Microsoft Visual Studio Solution File, Format Version 12.00
Project("{2150E333-8FDC-42A3-9474-1A3956D46DE8}") = "tests", "tests", "{B98FF4E7-CB06-4CDF-A539-2B8CDF60A073}"
EndProject
Project("{2150E333-8FDC-42A3-9474-1A3956D46DE8}") = "src", "src", "{75CE2A5B-DB3A-477A-B6AD-2EFC47B4A965}"
EndProject
Project("{FAE04EC0-301F-11D3-BF4B-00C04F79EFBC}") = "Restaurants.API", "src\Restaurants.API\Restaurants.API.csproj", "{A2AA9CBF-843B-45B5-BBF7-B4BC3B782B63}"
EndProject
Project("{FAE04EC0-301F-11D3-BF4B-00C04F79EFBC}") = "Restaurants.Application", "src\Restaurants.Application\Restaurants.Application.csproj", "{8F986C72-D2E9-4B83-8813-E628F0E00226}"
EndProject
Project("{FAE04EC0-301F-11D3-BF4B-00C04F79EFBC}") = "Restaurants.Infrastructure", "src\Restaurants.Infrastructure\Restaurants.Infrastructure.csproj", "{A96E5833-53F0-45A3-923B-83493AE592FF}"
EndProject
Project("{FAE04EC0-301F-11D3-BF4B-00C04F79EFBC}") = "Restaurants.Domain", "src\Restaurants.Domain\Restaurants.Domain.csproj", "{057BB308-A351-4256-8EF0-FF855FC8F6F9}"
EndProject
Project("{FAE04EC0-301F-11D3-BF4B-00C04F79EFBC}") = "Restaurants.Application.Test", "tests\Restaurants.Application.Test\Restaurants.Application.Test.csproj", "{CD70A93F-5301-458E-B17D-F28F7E9B4648}"
EndProject
Project("{FAE04EC0-301F-11D3-BF4B-00C04F79EFBC}") = "Restaurants.API.Test", "tests\Restaurants.API.Test\Restaurants.API.Test.csproj", "{10F47EA3-6A3A-4F77-8422-7E0690F2C89D}"
EndProject
Global
	GlobalSection(SolutionConfigurationPlatforms) = preSolution
		Debug|Any CPU = Debug|Any CPU
		Release|Any CPU = Release|Any CPU
	EndGlobalSection
	GlobalSection(ProjectConfigurationPlatforms) = postSolution
		{A2AA9CBF-843B-45B5-BBF7-B4BC3B782B63}.Debug|Any CPU.ActiveCfg = Debug|Any CPU
		{A2AA9CBF-843B-45B5-BBF7-B4BC3B782B63}.Debug|Any CPU.Build.0 = Debug|Any CPU
		{A2AA9CBF-843B-45B5-BBF7-B4BC3B782B63}.Release|Any CPU.ActiveCfg = Release|Any CPU
		{A2AA9CBF-843B-45B5-BBF7-B4BC3B782B63}.Release|Any CPU.Build.0 = Release|Any CPU
		{8F986C72-D2E9-4B83-8813-E628F0E00226}.Debug|Any CPU.ActiveCfg = Debug|Any CPU
		{8F986C72-D2E9-4B83-8813-E628F0E00226}.Debug|Any CPU.Build.0 = Debug|Any CPU
		{8F986C72-D2E9-4B83-8813-E628F0E00226}.Release|Any CPU.ActiveCfg = Release|Any CPU
		{8F986C72-D2E9-4B83-8813-E628F0E00226}.Release|Any CPU.Build.0 = Release|Any CPU
		{A96E5833-53F0-45A3-923B-83493AE592FF}.Debug|Any CPU.ActiveCfg = Debug|Any CPU
		{A96E5833-53F0-45A3-923B-83493AE592FF}.Debug|Any CPU.Build.0 = Debug|Any CPU
		{A96E5833-53F0-45A3-923B-83493AE592FF}.Release|Any CPU.ActiveCfg = Release|Any CPU
		{A96E5833-53F0-45A3-923B-83493AE592FF}.Release|Any CPU.Build.0 = Release|Any CPU
		{057BB308-A351-4256-8EF0-FF855FC8F6F9}.Debug|Any CPU.ActiveCfg = Debug|Any CPU
		{057BB308-A351-4256-8EF0-FF855FC8F6F9}.Debug|Any CPU.Build.0 = Debug|Any CPU
		{057BB308-A351-4256-8EF0-FF855FC8F6F9}.Release|Any CPU.ActiveCfg = Release|Any CPU
		{057BB308-A351-4256-8EF0-FF855FC8F6F9}.Release|Any CPU.Build.0 = Release|Any CPU
		{CD70A93F-5301-458E-B17D-F28F7E9B4648}.Debug|Any CPU.ActiveCfg = Debug|Any CPU
		{CD70A93F-5301-458E-B17D-F28F7E9B4648}.Debug|Any CPU.Build.0 = Debug|Any CPU
		{CD70A93F-5301-458E-B17D-F28F7E9B4648}.Release|Any CPU.ActiveCfg = Release|Any CPU
		{CD70A93F-5301-458E-B17D-F28F7E9B4648}.Release|Any CPU.Build.0 = Release|Any CPU
		{10F47EA3-6A3A-4F77-8422-7E0690F2C89D}.Debug|Any CPU.ActiveCfg = Debug|Any CPU
		{10F47EA3-6A3A-4F77-8422-7E0690F2C89D}.Debug|Any CPU.Build.0 = Debug|Any CPU
		{10F47EA3-6A3A-4F77-8422-7E0690F2C89D}.Release|Any CPU.ActiveCfg = Release|Any CPU
		{10F47EA3-6A3A-4F77-8422-7E0690F2C89D}.Release|Any CPU.Build.0 = Release|Any CPU
	EndGlobalSection
	GlobalSection(NestedProjects) = preSolution
		{A2AA9CBF-843B-45B5-BBF7-B4BC3B782B63} = {75CE2A5B-DB3A-477A-B6AD-2EFC47B4A965}
		{8F986C72-D2E9-4B83-8813-E628F0E00226} = {75CE2A5B-DB3A-477A-B6AD-2EFC47B4A965}
		{A96E5833-53F0-45A3-923B-83493AE592FF} = {75CE2A5B-DB3A-477A-B6AD-2EFC47B4A965}
		{057BB308-A351-4256-8EF0-FF855FC8F6F9} = {75CE2A5B-DB3A-477A-B6AD-2EFC47B4A965}
		{CD70A93F-5301-458E-B17D-F28F7E9B4648} = {B98FF4E7-CB06-4CDF-A539-2B8CDF60A073}
		{10F47EA3-6A3A-4F77-8422-7E0690F2C89D} = {B98FF4E7-CB06-4CDF-A539-2B8CDF60A073}
	EndGlobalSection
EndGlobal
